Microsoft Visual Studio Solution File, Format Version 12.00
# Visual Studio Version 17
VisualStudioVersion = 17.13.35913.81
MinimumVisualStudioVersion = 10.0.40219.1
Project("{FAE04EC0-301F-11D3-BF4B-00C04F79EFBC}") = "ValorantApi", "ValorantApi\ValorantApi.csproj", "{F65B8210-3A48-45CF-AFA0-0F7CCA767DEF}"
EndProject
Global
	GlobalSection(SolutionConfigurationPlatforms) = preSolution
		Debug|Any CPU = Debug|Any CPU
		Release|Any CPU = Release|Any CPU
	EndGlobalSection
	GlobalSection(ProjectConfigurationPlatforms) = postSolution
		{F65B8210-3A48-45CF-AFA0-0F7CCA767DEF}.Debug|Any CPU.ActiveCfg = Debug|Any CPU
		{F65B8210-3A48-45CF-AFA0-0F7CCA767DEF}.Debug|Any CPU.Build.0 = Debug|Any CPU
		{F65B8210-3A48-45CF-AFA0-0F7CCA767DEF}.Release|Any CPU.ActiveCfg = Release|Any CPU
		{F65B8210-3A48-45CF-AFA0-0F7CCA767DEF}.Release|Any CPU.Build.0 = Release|Any CPU
	EndGlobalSection
	GlobalSection(SolutionProperties) = preSolution
		HideSolutionNode = FALSE
	EndGlobalSection
	GlobalSection(ExtensibilityGlobals) = postSolution
		SolutionGuid = {69BD4D8E-14F6-4C31-AD1C-9406EDF873D8}
	EndGlobalSection
EndGlobal
